{
  "name": "snap4db",
  "version": "1.0.0",
  "lockfileVersion": 2,
  "requires": true,
  "packages": {
    "": {
      "name": "snap4db",
      "version": "1.0.0",
      "license": "ISC",
      "dependencies": {
        "csv-for-you": "^1.1.0"
      }
    },
    "node_modules/csv-for-you": {
      "version": "1.1.0",
      "resolved": "https://registry.npmjs.org/csv-for-you/-/csv-for-you-1.1.0.tgz",
      "integrity": "sha512-jvjokMZCGzX3rLZ2ksA8VNAxWG7Xi6QCnYX30BcjPQWqfcw+7e1JUHoDSoixrjl4HNIEQVi+Z1Jka1vSvxBRHg=="
    }
  },
  "dependencies": {
    "csv-for-you": {
      "version": "1.1.0",
      "resolved": "https://registry.npmjs.org/csv-for-you/-/csv-for-you-1.1.0.tgz",
      "integrity": "sha512-jvjokMZCGzX3rLZ2ksA8VNAxWG7Xi6QCnYX30BcjPQWqfcw+7e1JUHoDSoixrjl4HNIEQVi+Z1Jka1vSvxBRHg=="
    }
  }
}
