{
  "name": "snap4db",
  "version": "2.0.0",
  "lockfileVersion": 2,
  "requires": true,
  "packages": {
    "": {
      "name": "snap4db",
      "version": "2.0.0",
      "license": "MIT",
      "dependencies": {
        "csv-for-you": "^2.0.0"
      },
      "engines": {
        "node": ">=16"
      }
    },
    "node_modules/commander": {
      "version": "12.1.0",
      "resolved": "https://registry.npmjs.org/commander/-/commander-12.1.0.tgz",
      "integrity": "sha512-Vw8qHK3bZM9y/P10u3Vib8o/DdkvA2OtPtZvD871QKjy74Wj1WSKFILMPRPSdUSx5RFK1arlJzEtA4PkFgnbuA==",
      "license": "MIT",
      "engines": {
        "node": ">=18"
      }
    },
    "node_modules/csv-for-you": {
      "version": "2.0.0",
      "resolved": "https://registry.npmjs.org/csv-for-you/-/csv-for-you-2.0.0.tgz",
      "integrity": "sha512-da8F4PEOGeHVz2rbMKuTYBFxsiKmS3m1m/Vu/DayNKsQ2M86qLLpO/iQg9yMOD0Pb/w1bzp+ce5YoNdNlFteng==",
      "license": "ISC",
      "dependencies": {
        "commander": "^12.1.0"
      },
      "bin": {
        "csvfy": "bin/csvfy.js"
      }
    }
  },
  "dependencies": {
    "commander": {
      "version": "12.1.0",
      "resolved": "https://registry.npmjs.org/commander/-/commander-12.1.0.tgz",
      "integrity": "sha512-Vw8qHK3bZM9y/P10u3Vib8o/DdkvA2OtPtZvD871QKjy74Wj1WSKFILMPRPSdUSx5RFK1arlJzEtA4PkFgnbuA=="
    },
    "csv-for-you": {
      "version": "2.0.0",
      "resolved": "https://registry.npmjs.org/csv-for-you/-/csv-for-you-2.0.0.tgz",
      "integrity": "sha512-da8F4PEOGeHVz2rbMKuTYBFxsiKmS3m1m/Vu/DayNKsQ2M86qLLpO/iQg9yMOD0Pb/w1bzp+ce5YoNdNlFteng==",
      "requires": {
        "commander": "^12.1.0"
      }
    }
  }
}
